Microsoft Visual Studio Solution File, Format Version 12.00
# Visual Studio Version 17
VisualStudioVersion = 17.0.31903.59
MinimumVisualStudioVersion = 10.0.40219.1
Project("{9A19103F-16F7-4668-BE54-9A1E7A4F7556}") = "EduTrack.Domain", "src\EduTrack.Domain\EduTrack.Domain.csproj", "{A1B2C3D4-E5F6-7890-ABCD-EF1234567890}"
EndProject
Project("{9A19103F-16F7-4668-BE54-9A1E7A4F7556}") = "EduTrack.Application", "src\EduTrack.Application\EduTrack.Application.csproj", "{226389FB-588E-47B8-9E88-C2E061E11D66}"
EndProject
Project("{9A19103F-16F7-4668-BE54-9A1E7A4F7556}") = "EduTrack.Infrastructure", "src\EduTrack.Infrastructure\EduTrack.Infrastructure.csproj", "{DC59F9EB-E621-4863-AD8D-A49A7C2B3B4F}"
EndProject
Project("{9A19103F-16F7-4668-BE54-9A1E7A4F7556}") = "EduTrack.WebApp", "src\EduTrack.WebApp\EduTrack.WebApp.csproj", "{51263FD2-F672-43DB-893B-0B4BAAD2EB7E}"
EndProject
Project("{9A19103F-16F7-4668-BE54-9A1E7A4F7556}") = "EduTrack.Tests", "src\EduTrack.Tests\EduTrack.Tests.csproj", "{4DDB6922-BAAA-4114-AEC5-FB5C5B653C75}"
EndProject
Project("{2150E333-8FDC-42A3-9474-1A3956D46DE8}") = "Src", "Src", "{02EA681E-C7D8-13C7-8484-4AC65E1B71E8}"
EndProject
Project("{2150E333-8FDC-42A3-9474-1A3956D46DE8}") = "Tests", "Tests", "{26684FF1-2D80-4628-A599-DA3E9F2797F2}"
EndProject
Project("{FAE04EC0-301F-11D3-BF4B-00C04F79EFBC}") = "EduTrack.Application.Tests", "src\EduTrack.Application.Tests\EduTrack.Application.Tests.csproj", "{B2F1204A-FF11-A78C-617C-5D3E8289E957}"
EndProject
Project("{FAE04EC0-301F-11D3-BF4B-00C04F79EFBC}") = "EduTrack.Domain.Tests", "src\EduTrack.Domain.Tests\EduTrack.Domain.Tests.csproj", "{6FF2EB2D-3FE9-E511-F185-A164B2134972}"
EndProject
Project("{FAE04EC0-301F-11D3-BF4B-00C04F79EFBC}") = "EduTrack.Infrastructure.Tests", "src\EduTrack.Infrastructure.Tests\EduTrack.Infrastructure.Tests.csproj", "{B25059EA-8EC7-EBDC-D085-59302E6D899C}"
EndProject
Project("{FAE04EC0-301F-11D3-BF4B-00C04F79EFBC}") = "EduTrack.WebApp.Tests", "src\EduTrack.WebApp.Tests\EduTrack.WebApp.Tests.csproj", "{C3D4E5F6-7890-ABCD-EF12-345678901234}"
EndProject
Project("{FAE04EC0-301F-11D3-BF4B-00C04F79EFBC}") = "EduTrack.BDD.Tests", "src\EduTrack.BDD.Tests\EduTrack.BDD.Tests.csproj", "{6F746B71-E7CD-4C38-BA10-2EC26465E042}"
EndProject
Project("{FAE04EC0-301F-11D3-BF4B-00C04F79EFBC}") = "EduTrack.TestUtilities", "src\EduTrack.TestUtilities\EduTrack.TestUtilities.csproj", "{CAE16B64-A807-44AF-B736-19F704E2C286}"
EndProject
Global
	GlobalSection(SolutionConfigurationPlatforms) = preSolution
		Debug|Any CPU = Debug|Any CPU
		Release|Any CPU = Release|Any CPU
	EndGlobalSection
	GlobalSection(ProjectConfigurationPlatforms) = postSolution
		{A1B2C3D4-E5F6-7890-ABCD-EF1234567890}.Debug|Any CPU.ActiveCfg = Debug|Any CPU
		{A1B2C3D4-E5F6-7890-ABCD-EF1234567890}.Debug|Any CPU.Build.0 = Debug|Any CPU
		{A1B2C3D4-E5F6-7890-ABCD-EF1234567890}.Release|Any CPU.ActiveCfg = Release|Any CPU
		{A1B2C3D4-E5F6-7890-ABCD-EF1234567890}.Release|Any CPU.Build.0 = Release|Any CPU
		{226389FB-588E-47B8-9E88-C2E061E11D66}.Debug|Any CPU.ActiveCfg = Debug|Any CPU
		{226389FB-588E-47B8-9E88-C2E061E11D66}.Debug|Any CPU.Build.0 = Debug|Any CPU
		{226389FB-588E-47B8-9E88-C2E061E11D66}.Release|Any CPU.ActiveCfg = Release|Any CPU
		{226389FB-588E-47B8-9E88-C2E061E11D66}.Release|Any CPU.Build.0 = Release|Any CPU
		{DC59F9EB-E621-4863-AD8D-A49A7C2B3B4F}.Debug|Any CPU.ActiveCfg = Debug|Any CPU
		{DC59F9EB-E621-4863-AD8D-A49A7C2B3B4F}.Debug|Any CPU.Build.0 = Debug|Any CPU
		{DC59F9EB-E621-4863-AD8D-A49A7C2B3B4F}.Release|Any CPU.ActiveCfg = Release|Any CPU
		{DC59F9EB-E621-4863-AD8D-A49A7C2B3B4F}.Release|Any CPU.Build.0 = Release|Any CPU
		{51263FD2-F672-43DB-893B-0B4BAAD2EB7E}.Debug|Any CPU.ActiveCfg = Debug|Any CPU
		{51263FD2-F672-43DB-893B-0B4BAAD2EB7E}.Debug|Any CPU.Build.0 = Debug|Any CPU
		{51263FD2-F672-43DB-893B-0B4BAAD2EB7E}.Release|Any CPU.ActiveCfg = Release|Any CPU
		{51263FD2-F672-43DB-893B-0B4BAAD2EB7E}.Release|Any CPU.Build.0 = Release|Any CPU
		{4DDB6922-BAAA-4114-AEC5-FB5C5B653C75}.Debug|Any CPU.ActiveCfg = Debug|Any CPU
		{4DDB6922-BAAA-4114-AEC5-FB5C5B653C75}.Debug|Any CPU.Build.0 = Debug|Any CPU
		{4DDB6922-BAAA-4114-AEC5-FB5C5B653C75}.Release|Any CPU.ActiveCfg = Release|Any CPU
		{4DDB6922-BAAA-4114-AEC5-FB5C5B653C75}.Release|Any CPU.Build.0 = Release|Any CPU
		{B2F1204A-FF11-A78C-617C-5D3E8289E957}.Debug|Any CPU.ActiveCfg = Debug|Any CPU
		{B2F1204A-FF11-A78C-617C-5D3E8289E957}.Debug|Any CPU.Build.0 = Debug|Any CPU
		{B2F1204A-FF11-A78C-617C-5D3E8289E957}.Release|Any CPU.ActiveCfg = Release|Any CPU
		{B2F1204A-FF11-A78C-617C-5D3E8289E957}.Release|Any CPU.Build.0 = Release|Any CPU
		{6FF2EB2D-3FE9-E511-F185-A164B2134972}.Debug|Any CPU.ActiveCfg = Debug|Any CPU
		{6FF2EB2D-3FE9-E511-F185-A164B2134972}.Debug|Any CPU.Build.0 = Debug|Any CPU
		{6FF2EB2D-3FE9-E511-F185-A164B2134972}.Release|Any CPU.ActiveCfg = Release|Any CPU
		{6FF2EB2D-3FE9-E511-F185-A164B2134972}.Release|Any CPU.Build.0 = Release|Any CPU
		{B25059EA-8EC7-EBDC-D085-59302E6D899C}.Debug|Any CPU.ActiveCfg = Debug|Any CPU
		{B25059EA-8EC7-EBDC-D085-59302E6D899C}.Debug|Any CPU.Build.0 = Debug|Any CPU
		{B25059EA-8EC7-EBDC-D085-59302E6D899C}.Release|Any CPU.ActiveCfg = Release|Any CPU
		{B25059EA-8EC7-EBDC-D085-59302E6D899C}.Release|Any CPU.Build.0 = Release|Any CPU
		{C3D4E5F6-7890-ABCD-EF12-345678901234}.Debug|Any CPU.ActiveCfg = Debug|Any CPU
		{C3D4E5F6-7890-ABCD-EF12-345678901234}.Debug|Any CPU.Build.0 = Debug|Any CPU
		{C3D4E5F6-7890-ABCD-EF12-345678901234}.Release|Any CPU.ActiveCfg = Release|Any CPU
		{C3D4E5F6-7890-ABCD-EF12-345678901234}.Release|Any CPU.Build.0 = Release|Any CPU
		{6F746B71-E7CD-4C38-BA10-2EC26465E042}.Debug|Any CPU.ActiveCfg = Debug|Any CPU
		{6F746B71-E7CD-4C38-BA10-2EC26465E042}.Debug|Any CPU.Build.0 = Debug|Any CPU
		{6F746B71-E7CD-4C38-BA10-2EC26465E042}.Release|Any CPU.ActiveCfg = Release|Any CPU
		{6F746B71-E7CD-4C38-BA10-2EC26465E042}.Release|Any CPU.Build.0 = Release|Any CPU
		{CAE16B64-A807-44AF-B736-19F704E2C286}.Debug|Any CPU.ActiveCfg = Debug|Any CPU
		{CAE16B64-A807-44AF-B736-19F704E2C286}.Debug|Any CPU.Build.0 = Debug|Any CPU
		{CAE16B64-A807-44AF-B736-19F704E2C286}.Release|Any CPU.ActiveCfg = Release|Any CPU
		{CAE16B64-A807-44AF-B736-19F704E2C286}.Release|Any CPU.Build.0 = Release|Any CPU
	EndGlobalSection
	GlobalSection(SolutionProperties) = preSolution
		HideSolutionNode = FALSE
	EndGlobalSection
	GlobalSection(NestedProjects) = preSolution
		{A1B2C3D4-E5F6-7890-ABCD-EF1234567890} = {02EA681E-C7D8-13C7-8484-4AC65E1B71E8}
		{226389FB-588E-47B8-9E88-C2E061E11D66} = {02EA681E-C7D8-13C7-8484-4AC65E1B71E8}
		{DC59F9EB-E621-4863-AD8D-A49A7C2B3B4F} = {02EA681E-C7D8-13C7-8484-4AC65E1B71E8}
		{51263FD2-F672-43DB-893B-0B4BAAD2EB7E} = {02EA681E-C7D8-13C7-8484-4AC65E1B71E8}
		{4DDB6922-BAAA-4114-AEC5-FB5C5B653C75} = {26684FF1-2D80-4628-A599-DA3E9F2797F2}
		{B2F1204A-FF11-A78C-617C-5D3E8289E957} = {26684FF1-2D80-4628-A599-DA3E9F2797F2}
		{6FF2EB2D-3FE9-E511-F185-A164B2134972} = {26684FF1-2D80-4628-A599-DA3E9F2797F2}
		{B25059EA-8EC7-EBDC-D085-59302E6D899C} = {26684FF1-2D80-4628-A599-DA3E9F2797F2}
		{C3D4E5F6-7890-ABCD-EF12-345678901234} = {26684FF1-2D80-4628-A599-DA3E9F2797F2}
	EndGlobalSection
	GlobalSection(ExtensibilityGlobals) = postSolution
		SolutionGuid = {F6G7H8I9-J0K1-2345-FGHI-678901234567}
	EndGlobalSection
EndGlobal
