Microsoft Visual Studio Solution File, Format Version 12.00
# Visual Studio Version 17
VisualStudioVersion = 17.0.31903.59
MinimumVisualStudioVersion = 10.0.40219.1
Project("{9A19103F-16F7-4668-BE54-9A1E7A4F7556}") = "EduTrack.Domain", "src\EduTrack.Domain\EduTrack.Domain.csproj", "{A1B2C3D4-E5F6-7890-ABCD-EF1234567890}"
EndProject
Project("{9A19103F-16F7-4668-BE54-9A1E7A4F7556}") = "EduTrack.Application", "src\EduTrack.Application\EduTrack.Application.csproj", "{226389FB-588E-47B8-9E88-C2E061E11D66}"
EndProject
Project("{9A19103F-16F7-4668-BE54-9A1E7A4F7556}") = "EduTrack.Infrastructure", "src\EduTrack.Infrastructure\EduTrack.Infrastructure.csproj", "{DC59F9EB-E621-4863-AD8D-A49A7C2B3B4F}"
EndProject
Project("{9A19103F-16F7-4668-BE54-9A1E7A4F7556}") = "EduTrack.WebApp", "src\EduTrack.WebApp\EduTrack.WebApp.csproj", "{51263FD2-F672-43DB-893B-0B4BAAD2EB7E}"
EndProject
Project("{9A19103F-16F7-4668-BE54-9A1E7A4F7556}") = "EduTrack.Tests", "src\EduTrack.Tests\EduTrack.Tests.csproj", "{4DDB6922-BAAA-4114-AEC5-FB5C5B653C75}"
EndProject
Global
	GlobalSection(SolutionConfigurationPlatforms) = preSolution
		Debug|Any CPU = Debug|Any CPU
		Release|Any CPU = Release|Any CPU
	EndGlobalSection
	GlobalSection(ProjectConfigurationPlatforms) = postSolution
		{A1B2C3D4-E5F6-7890-ABCD-EF1234567890}.Debug|Any CPU.ActiveCfg = Debug|Any CPU
		{A1B2C3D4-E5F6-7890-ABCD-EF1234567890}.Debug|Any CPU.Build.0 = Debug|Any CPU
		{A1B2C3D4-E5F6-7890-ABCD-EF1234567890}.Release|Any CPU.ActiveCfg = Release|Any CPU
		{A1B2C3D4-E5F6-7890-ABCD-EF1234567890}.Release|Any CPU.Build.0 = Release|Any CPU
		{226389FB-588E-47B8-9E88-C2E061E11D66}.Debug|Any CPU.ActiveCfg = Debug|Any CPU
		{226389FB-588E-47B8-9E88-C2E061E11D66}.Debug|Any CPU.Build.0 = Debug|Any CPU
		{226389FB-588E-47B8-9E88-C2E061E11D66}.Release|Any CPU.ActiveCfg = Release|Any CPU
		{226389FB-588E-47B8-9E88-C2E061E11D66}.Release|Any CPU.Build.0 = Release|Any CPU
		{DC59F9EB-E621-4863-AD8D-A49A7C2B3B4F}.Debug|Any CPU.ActiveCfg = Debug|Any CPU
		{DC59F9EB-E621-4863-AD8D-A49A7C2B3B4F}.Debug|Any CPU.Build.0 = Debug|Any CPU
		{DC59F9EB-E621-4863-AD8D-A49A7C2B3B4F}.Release|Any CPU.ActiveCfg = Release|Any CPU
		{DC59F9EB-E621-4863-AD8D-A49A7C2B3B4F}.Release|Any CPU.Build.0 = Release|Any CPU
		{51263FD2-F672-43DB-893B-0B4BAAD2EB7E}.Debug|Any CPU.ActiveCfg = Debug|Any CPU
		{51263FD2-F672-43DB-893B-0B4BAAD2EB7E}.Debug|Any CPU.Build.0 = Debug|Any CPU
		{51263FD2-F672-43DB-893B-0B4BAAD2EB7E}.Release|Any CPU.ActiveCfg = Release|Any CPU
		{51263FD2-F672-43DB-893B-0B4BAAD2EB7E}.Release|Any CPU.Build.0 = Release|Any CPU
		{4DDB6922-BAAA-4114-AEC5-FB5C5B653C75}.Debug|Any CPU.ActiveCfg = Debug|Any CPU
		{4DDB6922-BAAA-4114-AEC5-FB5C5B653C75}.Debug|Any CPU.Build.0 = Debug|Any CPU
		{4DDB6922-BAAA-4114-AEC5-FB5C5B653C75}.Release|Any CPU.ActiveCfg = Release|Any CPU
		{4DDB6922-BAAA-4114-AEC5-FB5C5B653C75}.Release|Any CPU.Build.0 = Release|Any CPU
	EndGlobalSection
	GlobalSection(SolutionProperties) = preSolution
		HideSolutionNode = FALSE
	EndGlobalSection
	GlobalSection(ExtensibilityGlobals) = postSolution
		SolutionGuid = {F6G7H8I9-J0K1-2345-FGHI-678901234567}
	EndGlobalSection
EndGlobal
